
Microsoft Visual Studio Solution File, Format Version 12.00
# Visual Studio Version 17
VisualStudioVersion = 17.2.32616.157
MinimumVisualStudioVersion = 10.0.40219.1
Project("{FAE04EC0-301F-11D3-BF4B-00C04F79EFBC}") = "Coins_New", "Coins_New\Coins_New.csproj", "{23E2D17D-5665-4628-BE0C-C15F8AE8FE6C}"
	ProjectSection(ProjectDependencies) = postProject
		{91F89101-030A-4484-8227-EFB4469BD141} = {91F89101-030A-4484-8227-EFB4469BD141}
	EndProjectSection
EndProject
Project("{FAE04EC0-301F-11D3-BF4B-00C04F79EFBC}") = "Library", "Library\Library.csproj", "{91F89101-030A-4484-8227-EFB4469BD141}"
EndProject
Global
	GlobalSection(SolutionConfigurationPlatforms) = preSolution
		Debug|Any CPU = Debug|Any CPU
		Release|Any CPU = Release|Any CPU
	EndGlobalSection
	GlobalSection(ProjectConfigurationPlatforms) = postSolution
		{23E2D17D-5665-4628-BE0C-C15F8AE8FE6C}.Debug|Any CPU.ActiveCfg = Debug|Any CPU
		{23E2D17D-5665-4628-BE0C-C15F8AE8FE6C}.Debug|Any CPU.Build.0 = Debug|Any CPU
		{23E2D17D-5665-4628-BE0C-C15F8AE8FE6C}.Release|Any CPU.ActiveCfg = Release|Any CPU
		{23E2D17D-5665-4628-BE0C-C15F8AE8FE6C}.Release|Any CPU.Build.0 = Release|Any CPU
		{91F89101-030A-4484-8227-EFB4469BD141}.Debug|Any CPU.ActiveCfg = Debug|Any CPU
		{91F89101-030A-4484-8227-EFB4469BD141}.Debug|Any CPU.Build.0 = Debug|Any CPU
		{91F89101-030A-4484-8227-EFB4469BD141}.Release|Any CPU.ActiveCfg = Release|Any CPU
		{91F89101-030A-4484-8227-EFB4469BD141}.Release|Any CPU.Build.0 = Release|Any CPU
	EndGlobalSection
	GlobalSection(SolutionProperties) = preSolution
		HideSolutionNode = FALSE
	EndGlobalSection
	GlobalSection(ExtensibilityGlobals) = postSolution
		SolutionGuid = {37B3E9F0-53EB-4BBF-AD90-8571AE940774}
	EndGlobalSection
EndGlobal
